
Microsoft Visual Studio Solution File, Format Version 12.00
# Visual Studio Version 17
VisualStudioVersion = 17.7.34221.43
MinimumVisualStudioVersion = 10.0.40219.1
Project("{FAE04EC0-301F-11D3-BF4B-00C04F79EFBC}") = "Assignment4", "Assignment4.csproj", "{5A163519-4283-4683-B847-7195B6C0C29C}"
EndProject
Global
	GlobalSection(SolutionConfigurationPlatforms) = preSolution
		Debug|Any CPU = Debug|Any CPU
		Release|Any CPU = Release|Any CPU
	EndGlobalSection
	GlobalSection(ProjectConfigurationPlatforms) = postSolution
		{5A163519-4283-4683-B847-7195B6C0C29C}.Debug|Any CPU.ActiveCfg = Debug|Any CPU
		{5A163519-4283-4683-B847-7195B6C0C29C}.Debug|Any CPU.Build.0 = Debug|Any CPU
		{5A163519-4283-4683-B847-7195B6C0C29C}.Release|Any CPU.ActiveCfg = Release|Any CPU
		{5A163519-4283-4683-B847-7195B6C0C29C}.Release|Any CPU.Build.0 = Release|Any CPU
	EndGlobalSection
	GlobalSection(SolutionProperties) = preSolution
		HideSolutionNode = FALSE
	EndGlobalSection
	GlobalSection(ExtensibilityGlobals) = postSolution
		SolutionGuid = {7BD98395-CA8E-4A26-AF77-EB2DAC2C013A}
	EndGlobalSection
EndGlobal
